
Microsoft Visual Studio Solution File, Format Version 12.00
# Visual Studio Version 17
VisualStudioVersion = 17.0.31903.59
MinimumVisualStudioVersion = 10.0.40219.1
Project("{2150E333-8FDC-42A3-9474-1A3956D46DE8}") = "Services", "Services", "{5854FF58-B8C5-05C6-5BF2-ACE42193F22B}"
EndProject
Project("{2150E333-8FDC-42A3-9474-1A3956D46DE8}") = "Catalog.API", "Catalog.API", "{F59970AA-F29C-BA75-08FF-7652348CBEED}"
EndProject
Project("{FAE04EC0-301F-11D3-BF4B-00C04F79EFBC}") = "Catalog.API", "Services\Catalog.API\Catalog.API\Catalog.API.csproj", "{75167F35-DBCC-4BF0-A0DB-31A085F2936B}"
EndProject
Project("{2150E333-8FDC-42A3-9474-1A3956D46DE8}") = "Discount.API", "Discount.API", "{E919E7AC-1D34-6755-303C-AE6AB0B18094}"
EndProject
Project("{FAE04EC0-301F-11D3-BF4B-00C04F79EFBC}") = "Discount.API", "Services\Discount.API\Discount.API\Discount.API.csproj", "{538935CA-456B-4EB5-89A5-F8FA2A736DC6}"
EndProject
Project("{2150E333-8FDC-42A3-9474-1A3956D46DE8}") = "Basket.API", "Basket.API", "{BBEBC5BD-48BB-EE83-2BCA-BE123E28A0D8}"
EndProject
Project("{FAE04EC0-301F-11D3-BF4B-00C04F79EFBC}") = "Basket.API", "Services\Basket.API\Basket.API\Basket.API.csproj", "{9D68A421-5B00-418A-B3F6-965191CA6876}"
EndProject
Global
	GlobalSection(SolutionConfigurationPlatforms) = preSolution
		Debug|Any CPU = Debug|Any CPU
		Debug|x64 = Debug|x64
		Debug|x86 = Debug|x86
		Release|Any CPU = Release|Any CPU
		Release|x64 = Release|x64
		Release|x86 = Release|x86
	EndGlobalSection
	GlobalSection(ProjectConfigurationPlatforms) = postSolution
		{75167F35-DBCC-4BF0-A0DB-31A085F2936B}.Debug|Any CPU.ActiveCfg = Debug|Any CPU
		{75167F35-DBCC-4BF0-A0DB-31A085F2936B}.Debug|Any CPU.Build.0 = Debug|Any CPU
		{75167F35-DBCC-4BF0-A0DB-31A085F2936B}.Debug|x64.ActiveCfg = Debug|Any CPU
		{75167F35-DBCC-4BF0-A0DB-31A085F2936B}.Debug|x64.Build.0 = Debug|Any CPU
		{75167F35-DBCC-4BF0-A0DB-31A085F2936B}.Debug|x86.ActiveCfg = Debug|Any CPU
		{75167F35-DBCC-4BF0-A0DB-31A085F2936B}.Debug|x86.Build.0 = Debug|Any CPU
		{75167F35-DBCC-4BF0-A0DB-31A085F2936B}.Release|Any CPU.ActiveCfg = Release|Any CPU
		{75167F35-DBCC-4BF0-A0DB-31A085F2936B}.Release|Any CPU.Build.0 = Release|Any CPU
		{75167F35-DBCC-4BF0-A0DB-31A085F2936B}.Release|x64.ActiveCfg = Release|Any CPU
		{75167F35-DBCC-4BF0-A0DB-31A085F2936B}.Release|x64.Build.0 = Release|Any CPU
		{75167F35-DBCC-4BF0-A0DB-31A085F2936B}.Release|x86.ActiveCfg = Release|Any CPU
		{75167F35-DBCC-4BF0-A0DB-31A085F2936B}.Release|x86.Build.0 = Release|Any CPU
		{538935CA-456B-4EB5-89A5-F8FA2A736DC6}.Debug|Any CPU.ActiveCfg = Debug|Any CPU
		{538935CA-456B-4EB5-89A5-F8FA2A736DC6}.Debug|Any CPU.Build.0 = Debug|Any CPU
		{538935CA-456B-4EB5-89A5-F8FA2A736DC6}.Debug|x64.ActiveCfg = Debug|Any CPU
		{538935CA-456B-4EB5-89A5-F8FA2A736DC6}.Debug|x64.Build.0 = Debug|Any CPU
		{538935CA-456B-4EB5-89A5-F8FA2A736DC6}.Debug|x86.ActiveCfg = Debug|Any CPU
		{538935CA-456B-4EB5-89A5-F8FA2A736DC6}.Debug|x86.Build.0 = Debug|Any CPU
		{538935CA-456B-4EB5-89A5-F8FA2A736DC6}.Release|Any CPU.ActiveCfg = Release|Any CPU
		{538935CA-456B-4EB5-89A5-F8FA2A736DC6}.Release|Any CPU.Build.0 = Release|Any CPU
		{538935CA-456B-4EB5-89A5-F8FA2A736DC6}.Release|x64.ActiveCfg = Release|Any CPU
		{538935CA-456B-4EB5-89A5-F8FA2A736DC6}.Release|x64.Build.0 = Release|Any CPU
		{538935CA-456B-4EB5-89A5-F8FA2A736DC6}.Release|x86.ActiveCfg = Release|Any CPU
		{538935CA-456B-4EB5-89A5-F8FA2A736DC6}.Release|x86.Build.0 = Release|Any CPU
		{9D68A421-5B00-418A-B3F6-965191CA6876}.Debug|Any CPU.ActiveCfg = Debug|Any CPU
		{9D68A421-5B00-418A-B3F6-965191CA6876}.Debug|Any CPU.Build.0 = Debug|Any CPU
		{9D68A421-5B00-418A-B3F6-965191CA6876}.Debug|x64.ActiveCfg = Debug|Any CPU
		{9D68A421-5B00-418A-B3F6-965191CA6876}.Debug|x64.Build.0 = Debug|Any CPU
		{9D68A421-5B00-418A-B3F6-965191CA6876}.Debug|x86.ActiveCfg = Debug|Any CPU
		{9D68A421-5B00-418A-B3F6-965191CA6876}.Debug|x86.Build.0 = Debug|Any CPU
		{9D68A421-5B00-418A-B3F6-965191CA6876}.Release|Any CPU.ActiveCfg = Release|Any CPU
		{9D68A421-5B00-418A-B3F6-965191CA6876}.Release|Any CPU.Build.0 = Release|Any CPU
		{9D68A421-5B00-418A-B3F6-965191CA6876}.Release|x64.ActiveCfg = Release|Any CPU
		{9D68A421-5B00-418A-B3F6-965191CA6876}.Release|x64.Build.0 = Release|Any CPU
		{9D68A421-5B00-418A-B3F6-965191CA6876}.Release|x86.ActiveCfg = Release|Any CPU
		{9D68A421-5B00-418A-B3F6-965191CA6876}.Release|x86.Build.0 = Release|Any CPU
	EndGlobalSection
	GlobalSection(SolutionProperties) = preSolution
		HideSolutionNode = FALSE
	EndGlobalSection
	GlobalSection(NestedProjects) = preSolution
		{F59970AA-F29C-BA75-08FF-7652348CBEED} = {5854FF58-B8C5-05C6-5BF2-ACE42193F22B}
		{75167F35-DBCC-4BF0-A0DB-31A085F2936B} = {F59970AA-F29C-BA75-08FF-7652348CBEED}
		{E919E7AC-1D34-6755-303C-AE6AB0B18094} = {5854FF58-B8C5-05C6-5BF2-ACE42193F22B}
		{538935CA-456B-4EB5-89A5-F8FA2A736DC6} = {E919E7AC-1D34-6755-303C-AE6AB0B18094}
		{BBEBC5BD-48BB-EE83-2BCA-BE123E28A0D8} = {5854FF58-B8C5-05C6-5BF2-ACE42193F22B}
		{9D68A421-5B00-418A-B3F6-965191CA6876} = {BBEBC5BD-48BB-EE83-2BCA-BE123E28A0D8}
	EndGlobalSection
EndGlobal
